
Microsoft Visual Studio Solution File, Format Version 12.00
# Visual Studio 15
VisualStudioVersion = 15.0.26228.9
MinimumVisualStudioVersion = 10.0.40219.1
Project("{FAE04EC0-301F-11D3-BF4B-00C04F79EFBC}") = "IdentityExample.DbAccess", "IdentityExample.DbAccess\IdentityExample.DbAccess.csproj", "{6A9E5BD6-623D-49C2-8386-373BC2118923}"
EndProject
Project("{FAE04EC0-301F-11D3-BF4B-00C04F79EFBC}") = "IdentityExample", "IdentityExample\IdentityExample.csproj", "{B275516A-6B22-4E6B-8944-608C9988709C}"
	ProjectSection(ProjectDependencies) = postProject
		{6A9E5BD6-623D-49C2-8386-373BC2118923} = {6A9E5BD6-623D-49C2-8386-373BC2118923}
	EndProjectSection
EndProject
Global
	GlobalSection(SolutionConfigurationPlatforms) = preSolution
		Debug|Any CPU = Debug|Any CPU
		Release|Any CPU = Release|Any CPU
	EndGlobalSection
	GlobalSection(ProjectConfigurationPlatforms) = postSolution
		{6A9E5BD6-623D-49C2-8386-373BC2118923}.Debug|Any CPU.ActiveCfg = Debug|Any CPU
		{6A9E5BD6-623D-49C2-8386-373BC2118923}.Debug|Any CPU.Build.0 = Debug|Any CPU
		{6A9E5BD6-623D-49C2-8386-373BC2118923}.Release|Any CPU.ActiveCfg = Release|Any CPU
		{6A9E5BD6-623D-49C2-8386-373BC2118923}.Release|Any CPU.Build.0 = Release|Any CPU
		{B275516A-6B22-4E6B-8944-608C9988709C}.Debug|Any CPU.ActiveCfg = Debug|Any CPU
		{B275516A-6B22-4E6B-8944-608C9988709C}.Debug|Any CPU.Build.0 = Debug|Any CPU
		{B275516A-6B22-4E6B-8944-608C9988709C}.Release|Any CPU.ActiveCfg = Release|Any CPU
		{B275516A-6B22-4E6B-8944-608C9988709C}.Release|Any CPU.Build.0 = Release|Any CPU
	EndGlobalSection
	GlobalSection(SolutionProperties) = preSolution
		HideSolutionNode = FALSE
	EndGlobalSection
EndGlobal
